
Microsoft Visual Studio Solution File, Format Version 12.00
# Visual Studio Version 16
VisualStudioVersion = 16.0.30517.126
MinimumVisualStudioVersion = 10.0.40219.1
Project("{FAE04EC0-301F-11D3-BF4B-00C04F79EFBC}") = "Conversiones-Practica", "Conversiones-Practica\Conversiones-Practica.csproj", "{B954DB8E-19E2-459D-93E1-526020D1972F}"
EndProject
Global
	GlobalSection(SolutionConfigurationPlatforms) = preSolution
		Debug|Any CPU = Debug|Any CPU
		Release|Any CPU = Release|Any CPU
	EndGlobalSection
	GlobalSection(ProjectConfigurationPlatforms) = postSolution
		{B954DB8E-19E2-459D-93E1-526020D1972F}.Debug|Any CPU.ActiveCfg = Debug|Any CPU
		{B954DB8E-19E2-459D-93E1-526020D1972F}.Debug|Any CPU.Build.0 = Debug|Any CPU
		{B954DB8E-19E2-459D-93E1-526020D1972F}.Release|Any CPU.ActiveCfg = Release|Any CPU
		{B954DB8E-19E2-459D-93E1-526020D1972F}.Release|Any CPU.Build.0 = Release|Any CPU
	EndGlobalSection
	GlobalSection(SolutionProperties) = preSolution
		HideSolutionNode = FALSE
	EndGlobalSection
	GlobalSection(ExtensibilityGlobals) = postSolution
		SolutionGuid = {B5B27B15-474A-4E9B-96B1-D276611D73C1}
	EndGlobalSection
EndGlobal
