
Microsoft Visual Studio Solution File, Format Version 12.00
# Visual Studio Version 16
VisualStudioVersion = 16.0.30517.126
MinimumVisualStudioVersion = 10.0.40219.1
Project("{FAE04EC0-301F-11D3-BF4B-00C04F79EFBC}") = "WebApplication1", "WebApplication1.csproj", "{EEECEDCE-32D7-4127-9FFB-83019A68597A}"
EndProject
Global
	GlobalSection(SolutionConfigurationPlatforms) = preSolution
		Debug|Any CPU = Debug|Any CPU
		Release|Any CPU = Release|Any CPU
	EndGlobalSection
	GlobalSection(ProjectConfigurationPlatforms) = postSolution
		{EEECEDCE-32D7-4127-9FFB-83019A68597A}.Debug|Any CPU.ActiveCfg = Debug|Any CPU
		{EEECEDCE-32D7-4127-9FFB-83019A68597A}.Debug|Any CPU.Build.0 = Debug|Any CPU
		{EEECEDCE-32D7-4127-9FFB-83019A68597A}.Release|Any CPU.ActiveCfg = Release|Any CPU
		{EEECEDCE-32D7-4127-9FFB-83019A68597A}.Release|Any CPU.Build.0 = Release|Any CPU
	EndGlobalSection
	GlobalSection(SolutionProperties) = preSolution
		HideSolutionNode = FALSE
	EndGlobalSection
	GlobalSection(ExtensibilityGlobals) = postSolution
		SolutionGuid = {EB734A42-1514-42A5-B4AD-0B76F6A25298}
	EndGlobalSection
EndGlobal
